
Microsoft Visual Studio Solution File, Format Version 12.00
# Visual Studio 14
VisualStudioVersion = 14.0.24720.0
MinimumVisualStudioVersion = 10.0.40219.1
Project("{262852C6-CD72-467D-83FE-5EEB1973A190}") = "myCordovaWindowsApp", "myCordovaWindowsApp.jsproj", "{CEE1F8EB-C088-472D-B509-65B4C1306B3D}"
EndProject
Global
	GlobalSection(SolutionConfigurationPlatforms) = preSolution
		Debug|Windows-x86 = Debug|Windows-x86
		Release|Windows-x86 = Release|Windows-x86
	EndGlobalSection
	GlobalSection(ProjectConfigurationPlatforms) = postSolution
		{CEE1F8EB-C088-472D-B509-65B4C1306B3D}.Debug|Windows-x86.ActiveCfg = Debug|Windows-x86
		{CEE1F8EB-C088-472D-B509-65B4C1306B3D}.Debug|Windows-x86.Build.0 = Debug|Windows-x86
		{CEE1F8EB-C088-472D-B509-65B4C1306B3D}.Debug|Windows-x86.Deploy.0 = Debug|Windows-x86
		{CEE1F8EB-C088-472D-B509-65B4C1306B3D}.Release|Windows-x86.ActiveCfg = Release|Windows-x86
		{CEE1F8EB-C088-472D-B509-65B4C1306B3D}.Release|Windows-x86.Build.0 = Release|Windows-x86
		{CEE1F8EB-C088-472D-B509-65B4C1306B3D}.Release|Windows-x86.Deploy.0 = Release|Windows-x86
	EndGlobalSection
	GlobalSection(SolutionProperties) = preSolution
		HideSolutionNode = FALSE
	EndGlobalSection
EndGlobal
